
Microsoft Visual Studio Solution File, Format Version 12.00
# Visual Studio Version 17
VisualStudioVersion = 17.12.35707.178
MinimumVisualStudioVersion = 10.0.40219.1
Project("{2150E333-8FDC-42A3-9474-1A3956D46DE8}") = "PetsApp", "PetsApp", "{37CCEFDF-FC2D-415B-9A26-A9D5295C259F}"
EndProject
Project("{FAE04EC0-301F-11D3-BF4B-00C04F79EFBC}") = "PetsApp.CORE", "PetsApp.CORE\PetsApp.CORE.csproj", "{A67D84F7-FB2F-4DA0-A9BB-C505CFE1D193}"
EndProject
Project("{FAE04EC0-301F-11D3-BF4B-00C04F79EFBC}") = "PetsApp.REPO", "PetsApp.REPO\PetsApp.REPO.csproj", "{9FB25580-C0D2-40D4-8E8E-DCEAE5EB20DE}"
EndProject
Project("{FAE04EC0-301F-11D3-BF4B-00C04F79EFBC}") = "PetsApp.SERVICE", "PetsApp.SERVICE\PetsApp.SERVICE.csproj", "{6DA33BA2-947A-4E65-8FA5-95A2172DD2EC}"
EndProject
Project("{FAE04EC0-301F-11D3-BF4B-00C04F79EFBC}") = "PetsApp.UI", "PetsApp.UI\PetsApp.UI.csproj", "{D537F0C2-72D3-4967-A6CD-9E67F07D56E0}"
EndProject
Project("{2150E333-8FDC-42A3-9474-1A3956D46DE8}") = "Solution Items", "Solution Items", "{9FEF9191-1EC7-41FC-B8D1-615CA266BF60}"
	ProjectSection(SolutionItems) = preProject
		Emojiler.txt = Emojiler.txt
	EndProjectSection
EndProject
Global
	GlobalSection(SolutionConfigurationPlatforms) = preSolution
		Debug|Any CPU = Debug|Any CPU
		Release|Any CPU = Release|Any CPU
	EndGlobalSection
	GlobalSection(ProjectConfigurationPlatforms) = postSolution
		{A67D84F7-FB2F-4DA0-A9BB-C505CFE1D193}.Debug|Any CPU.ActiveCfg = Debug|Any CPU
		{A67D84F7-FB2F-4DA0-A9BB-C505CFE1D193}.Debug|Any CPU.Build.0 = Debug|Any CPU
		{A67D84F7-FB2F-4DA0-A9BB-C505CFE1D193}.Release|Any CPU.ActiveCfg = Release|Any CPU
		{A67D84F7-FB2F-4DA0-A9BB-C505CFE1D193}.Release|Any CPU.Build.0 = Release|Any CPU
		{9FB25580-C0D2-40D4-8E8E-DCEAE5EB20DE}.Debug|Any CPU.ActiveCfg = Debug|Any CPU
		{9FB25580-C0D2-40D4-8E8E-DCEAE5EB20DE}.Debug|Any CPU.Build.0 = Debug|Any CPU
		{9FB25580-C0D2-40D4-8E8E-DCEAE5EB20DE}.Release|Any CPU.ActiveCfg = Release|Any CPU
		{9FB25580-C0D2-40D4-8E8E-DCEAE5EB20DE}.Release|Any CPU.Build.0 = Release|Any CPU
		{6DA33BA2-947A-4E65-8FA5-95A2172DD2EC}.Debug|Any CPU.ActiveCfg = Debug|Any CPU
		{6DA33BA2-947A-4E65-8FA5-95A2172DD2EC}.Debug|Any CPU.Build.0 = Debug|Any CPU
		{6DA33BA2-947A-4E65-8FA5-95A2172DD2EC}.Release|Any CPU.ActiveCfg = Release|Any CPU
		{6DA33BA2-947A-4E65-8FA5-95A2172DD2EC}.Release|Any CPU.Build.0 = Release|Any CPU
		{D537F0C2-72D3-4967-A6CD-9E67F07D56E0}.Debug|Any CPU.ActiveCfg = Debug|Any CPU
		{D537F0C2-72D3-4967-A6CD-9E67F07D56E0}.Debug|Any CPU.Build.0 = Debug|Any CPU
		{D537F0C2-72D3-4967-A6CD-9E67F07D56E0}.Release|Any CPU.ActiveCfg = Release|Any CPU
		{D537F0C2-72D3-4967-A6CD-9E67F07D56E0}.Release|Any CPU.Build.0 = Release|Any CPU
	EndGlobalSection
	GlobalSection(SolutionProperties) = preSolution
		HideSolutionNode = FALSE
	EndGlobalSection
	GlobalSection(NestedProjects) = preSolution
		{A67D84F7-FB2F-4DA0-A9BB-C505CFE1D193} = {37CCEFDF-FC2D-415B-9A26-A9D5295C259F}
		{9FB25580-C0D2-40D4-8E8E-DCEAE5EB20DE} = {37CCEFDF-FC2D-415B-9A26-A9D5295C259F}
		{6DA33BA2-947A-4E65-8FA5-95A2172DD2EC} = {37CCEFDF-FC2D-415B-9A26-A9D5295C259F}
		{D537F0C2-72D3-4967-A6CD-9E67F07D56E0} = {37CCEFDF-FC2D-415B-9A26-A9D5295C259F}
	EndGlobalSection
EndGlobal
